
Microsoft Visual Studio Solution File, Format Version 12.00
# Visual Studio Version 17
VisualStudioVersion = 17.7.34031.279
MinimumVisualStudioVersion = 10.0.40219.1
Project("{FAE04EC0-301F-11D3-BF4B-00C04F79EFBC}") = "ObligatoriskOpgave_1&2", "ObligatoriskOpgave_1&2\ObligatoriskOpgave_1&2.csproj", "{FD6202C1-0DEB-45E8-A950-13E52E2CD3BA}"
EndProject
Project("{FAE04EC0-301F-11D3-BF4B-00C04F79EFBC}") = "ObligatoriskOpgave_1&2Tests", "ObligatoriskOpgave_1&2Tests\ObligatoriskOpgave_1&2Tests.csproj", "{664872FB-297F-4F76-99D0-847BDC83159E}"
EndProject
Global
	GlobalSection(SolutionConfigurationPlatforms) = preSolution
		Debug|Any CPU = Debug|Any CPU
		Release|Any CPU = Release|Any CPU
	EndGlobalSection
	GlobalSection(ProjectConfigurationPlatforms) = postSolution
		{FD6202C1-0DEB-45E8-A950-13E52E2CD3BA}.Debug|Any CPU.ActiveCfg = Debug|Any CPU
		{FD6202C1-0DEB-45E8-A950-13E52E2CD3BA}.Debug|Any CPU.Build.0 = Debug|Any CPU
		{FD6202C1-0DEB-45E8-A950-13E52E2CD3BA}.Release|Any CPU.ActiveCfg = Release|Any CPU
		{FD6202C1-0DEB-45E8-A950-13E52E2CD3BA}.Release|Any CPU.Build.0 = Release|Any CPU
		{664872FB-297F-4F76-99D0-847BDC83159E}.Debug|Any CPU.ActiveCfg = Debug|Any CPU
		{664872FB-297F-4F76-99D0-847BDC83159E}.Debug|Any CPU.Build.0 = Debug|Any CPU
		{664872FB-297F-4F76-99D0-847BDC83159E}.Release|Any CPU.ActiveCfg = Release|Any CPU
		{664872FB-297F-4F76-99D0-847BDC83159E}.Release|Any CPU.Build.0 = Release|Any CPU
	EndGlobalSection
	GlobalSection(SolutionProperties) = preSolution
		HideSolutionNode = FALSE
	EndGlobalSection
	GlobalSection(ExtensibilityGlobals) = postSolution
		SolutionGuid = {698E2674-4B6B-41CC-96A4-6258EAA33E9B}
	EndGlobalSection
EndGlobal
